
Microsoft Visual Studio Solution File, Format Version 12.00
# Visual Studio Version 17
VisualStudioVersion = 17.3.32819.101
MinimumVisualStudioVersion = 10.0.40219.1
Project("{9A19103F-16F7-4668-BE54-9A1E7A4F7556}") = "AMS_SCHEMA", "AMS_SCHEMA\AMS_SCHEMA.csproj", "{BEF4A907-E493-4814-9170-AD3897B12B63}"
EndProject
Project("{9A19103F-16F7-4668-BE54-9A1E7A4F7556}") = "AMS.Model", "AMS.Model\AMS.Model.csproj", "{01FAFFCA-CEFA-4B93-93A5-797012CE7764}"
EndProject
Project("{9A19103F-16F7-4668-BE54-9A1E7A4F7556}") = "QOQNOS.Core", "..\..\..\Langram\Microservices\Core\QOQNOS.Core\QOQNOS.Core.csproj", "{06ED8F25-1953-4610-AED8-EEF9B7AD5215}"
EndProject
Project("{D954291E-2A0B-460D-934E-DC6B0785DB48}") = "QOQNOS.NEO4J.TEST.Shared", "..\..\..\Langram\Langram\NEO4J\TEST\QOQNOS.NEO4J.TEST.Shared\QOQNOS.NEO4J.TEST.Shared.shproj", "{26A990DC-D630-4D2A-A8A4-6165BC159D32}"
EndProject
Project("{9A19103F-16F7-4668-BE54-9A1E7A4F7556}") = "AMS_SCHEMA.Application", "AMS_SCHEMA.Application\AMS_SCHEMA.Application.csproj", "{849FE1B5-0994-4B31-9416-9F9B31E847A5}"
EndProject
Project("{2150E333-8FDC-42A3-9474-1A3956D46DE8}") = "DATA", "DATA", "{8274ACCE-4E28-4DC4-BDC4-24091303C6BA}"
EndProject
Project("{2150E333-8FDC-42A3-9474-1A3956D46DE8}") = "Datastore", "Datastore", "{DABC0E00-0FA2-4088-AD75-6490E702A343}"
EndProject
Project("{9A19103F-16F7-4668-BE54-9A1E7A4F7556}") = "QOQNOS.SCHEMA.DATA.Model", "..\QOQNOS.SCHEMA.DATA\QOQNOS.SCHEMA.DATA.Model\QOQNOS.SCHEMA.DATA.Model.csproj", "{AF915D65-188A-4A76-B484-D949C8CD9C48}"
EndProject
Project("{9A19103F-16F7-4668-BE54-9A1E7A4F7556}") = "QOQNOS.SCHEMA.DATA.Generated", "..\QOQNOS.SCHEMA.DATA\QOQNOS.SCHEMA.DATA.Generated\QOQNOS.SCHEMA.DATA.Generated.csproj", "{B2AE87E0-C6D7-40DA-AEF9-2B7942989DF0}"
EndProject
Project("{2150E333-8FDC-42A3-9474-1A3956D46DE8}") = "Docker", "Docker", "{6F4E8132-02A1-4D06-9649-CC0022D3718F}"
	ProjectSection(SolutionItems) = preProject
		docker-compose.yml = docker-compose.yml
		Dockerfile = Dockerfile
	EndProjectSection
EndProject
Project("{9A19103F-16F7-4668-BE54-9A1E7A4F7556}") = "CloneProjects", "CloneProjects\CloneProjects.csproj", "{AC6C25EC-D359-4F25-960D-30F218F188F7}"
EndProject
Project("{9A19103F-16F7-4668-BE54-9A1E7A4F7556}") = "CloneConsole", "CloneConsole\CloneConsole.csproj", "{64671701-E427-4E7E-8B34-E72964A3CFCB}"
EndProject
Project("{9A19103F-16F7-4668-BE54-9A1E7A4F7556}") = "CloneBlazor", "CloneBlazor\CloneBlazor.csproj", "{FE6B3762-2B43-41AE-8AB3-9059A83520AA}"
EndProject
Project("{FAE04EC0-301F-11D3-BF4B-00C04F79EFBC}") = "CodeGenerator", "CodeGenerator\CodeGenerator.csproj", "{46D069D7-9DCE-4796-9D75-C3C15AF04400}"
EndProject
Global
	GlobalSection(SolutionConfigurationPlatforms) = preSolution
		Debug|Any CPU = Debug|Any CPU
		Debug|x64 = Debug|x64
		Debug|x86 = Debug|x86
		Release|Any CPU = Release|Any CPU
		Release|x64 = Release|x64
		Release|x86 = Release|x86
	EndGlobalSection
	GlobalSection(ProjectConfigurationPlatforms) = postSolution
		{BEF4A907-E493-4814-9170-AD3897B12B63}.Debug|Any CPU.ActiveCfg = Debug|Any CPU
		{BEF4A907-E493-4814-9170-AD3897B12B63}.Debug|Any CPU.Build.0 = Debug|Any CPU
		{BEF4A907-E493-4814-9170-AD3897B12B63}.Debug|x64.ActiveCfg = Debug|Any CPU
		{BEF4A907-E493-4814-9170-AD3897B12B63}.Debug|x64.Build.0 = Debug|Any CPU
		{BEF4A907-E493-4814-9170-AD3897B12B63}.Debug|x86.ActiveCfg = Debug|Any CPU
		{BEF4A907-E493-4814-9170-AD3897B12B63}.Debug|x86.Build.0 = Debug|Any CPU
		{BEF4A907-E493-4814-9170-AD3897B12B63}.Release|Any CPU.ActiveCfg = Release|Any CPU
		{BEF4A907-E493-4814-9170-AD3897B12B63}.Release|Any CPU.Build.0 = Release|Any CPU
		{BEF4A907-E493-4814-9170-AD3897B12B63}.Release|x64.ActiveCfg = Release|Any CPU
		{BEF4A907-E493-4814-9170-AD3897B12B63}.Release|x64.Build.0 = Release|Any CPU
		{BEF4A907-E493-4814-9170-AD3897B12B63}.Release|x86.ActiveCfg = Release|Any CPU
		{BEF4A907-E493-4814-9170-AD3897B12B63}.Release|x86.Build.0 = Release|Any CPU
		{01FAFFCA-CEFA-4B93-93A5-797012CE7764}.Debug|Any CPU.ActiveCfg = Debug|Any CPU
		{01FAFFCA-CEFA-4B93-93A5-797012CE7764}.Debug|Any CPU.Build.0 = Debug|Any CPU
		{01FAFFCA-CEFA-4B93-93A5-797012CE7764}.Debug|x64.ActiveCfg = Debug|Any CPU
		{01FAFFCA-CEFA-4B93-93A5-797012CE7764}.Debug|x64.Build.0 = Debug|Any CPU
		{01FAFFCA-CEFA-4B93-93A5-797012CE7764}.Debug|x86.ActiveCfg = Debug|Any CPU
		{01FAFFCA-CEFA-4B93-93A5-797012CE7764}.Debug|x86.Build.0 = Debug|Any CPU
		{01FAFFCA-CEFA-4B93-93A5-797012CE7764}.Release|Any CPU.ActiveCfg = Release|Any CPU
		{01FAFFCA-CEFA-4B93-93A5-797012CE7764}.Release|Any CPU.Build.0 = Release|Any CPU
		{01FAFFCA-CEFA-4B93-93A5-797012CE7764}.Release|x64.ActiveCfg = Release|Any CPU
		{01FAFFCA-CEFA-4B93-93A5-797012CE7764}.Release|x64.Build.0 = Release|Any CPU
		{01FAFFCA-CEFA-4B93-93A5-797012CE7764}.Release|x86.ActiveCfg = Release|Any CPU
		{01FAFFCA-CEFA-4B93-93A5-797012CE7764}.Release|x86.Build.0 = Release|Any CPU
		{06ED8F25-1953-4610-AED8-EEF9B7AD5215}.Debug|Any CPU.ActiveCfg = Debug|Any CPU
		{06ED8F25-1953-4610-AED8-EEF9B7AD5215}.Debug|Any CPU.Build.0 = Debug|Any CPU
		{06ED8F25-1953-4610-AED8-EEF9B7AD5215}.Debug|x64.ActiveCfg = Debug|Any CPU
		{06ED8F25-1953-4610-AED8-EEF9B7AD5215}.Debug|x64.Build.0 = Debug|Any CPU
		{06ED8F25-1953-4610-AED8-EEF9B7AD5215}.Debug|x86.ActiveCfg = Debug|Any CPU
		{06ED8F25-1953-4610-AED8-EEF9B7AD5215}.Debug|x86.Build.0 = Debug|Any CPU
		{06ED8F25-1953-4610-AED8-EEF9B7AD5215}.Release|Any CPU.ActiveCfg = Release|Any CPU
		{06ED8F25-1953-4610-AED8-EEF9B7AD5215}.Release|Any CPU.Build.0 = Release|Any CPU
		{06ED8F25-1953-4610-AED8-EEF9B7AD5215}.Release|x64.ActiveCfg = Release|Any CPU
		{06ED8F25-1953-4610-AED8-EEF9B7AD5215}.Release|x64.Build.0 = Release|Any CPU
		{06ED8F25-1953-4610-AED8-EEF9B7AD5215}.Release|x86.ActiveCfg = Release|Any CPU
		{06ED8F25-1953-4610-AED8-EEF9B7AD5215}.Release|x86.Build.0 = Release|Any CPU
		{849FE1B5-0994-4B31-9416-9F9B31E847A5}.Debug|Any CPU.ActiveCfg = Debug|Any CPU
		{849FE1B5-0994-4B31-9416-9F9B31E847A5}.Debug|Any CPU.Build.0 = Debug|Any CPU
		{849FE1B5-0994-4B31-9416-9F9B31E847A5}.Debug|x64.ActiveCfg = Debug|Any CPU
		{849FE1B5-0994-4B31-9416-9F9B31E847A5}.Debug|x64.Build.0 = Debug|Any CPU
		{849FE1B5-0994-4B31-9416-9F9B31E847A5}.Debug|x86.ActiveCfg = Debug|Any CPU
		{849FE1B5-0994-4B31-9416-9F9B31E847A5}.Debug|x86.Build.0 = Debug|Any CPU
		{849FE1B5-0994-4B31-9416-9F9B31E847A5}.Release|Any CPU.ActiveCfg = Release|Any CPU
		{849FE1B5-0994-4B31-9416-9F9B31E847A5}.Release|Any CPU.Build.0 = Release|Any CPU
		{849FE1B5-0994-4B31-9416-9F9B31E847A5}.Release|x64.ActiveCfg = Release|Any CPU
		{849FE1B5-0994-4B31-9416-9F9B31E847A5}.Release|x64.Build.0 = Release|Any CPU
		{849FE1B5-0994-4B31-9416-9F9B31E847A5}.Release|x86.ActiveCfg = Release|Any CPU
		{849FE1B5-0994-4B31-9416-9F9B31E847A5}.Release|x86.Build.0 = Release|Any CPU
		{AF915D65-188A-4A76-B484-D949C8CD9C48}.Debug|Any CPU.ActiveCfg = Debug|Any CPU
		{AF915D65-188A-4A76-B484-D949C8CD9C48}.Debug|Any CPU.Build.0 = Debug|Any CPU
		{AF915D65-188A-4A76-B484-D949C8CD9C48}.Debug|x64.ActiveCfg = Debug|Any CPU
		{AF915D65-188A-4A76-B484-D949C8CD9C48}.Debug|x64.Build.0 = Debug|Any CPU
		{AF915D65-188A-4A76-B484-D949C8CD9C48}.Debug|x86.ActiveCfg = Debug|Any CPU
		{AF915D65-188A-4A76-B484-D949C8CD9C48}.Debug|x86.Build.0 = Debug|Any CPU
		{AF915D65-188A-4A76-B484-D949C8CD9C48}.Release|Any CPU.ActiveCfg = Release|Any CPU
		{AF915D65-188A-4A76-B484-D949C8CD9C48}.Release|Any CPU.Build.0 = Release|Any CPU
		{AF915D65-188A-4A76-B484-D949C8CD9C48}.Release|x64.ActiveCfg = Release|Any CPU
		{AF915D65-188A-4A76-B484-D949C8CD9C48}.Release|x64.Build.0 = Release|Any CPU
		{AF915D65-188A-4A76-B484-D949C8CD9C48}.Release|x86.ActiveCfg = Release|Any CPU
		{AF915D65-188A-4A76-B484-D949C8CD9C48}.Release|x86.Build.0 = Release|Any CPU
		{B2AE87E0-C6D7-40DA-AEF9-2B7942989DF0}.Debug|Any CPU.ActiveCfg = Debug|Any CPU
		{B2AE87E0-C6D7-40DA-AEF9-2B7942989DF0}.Debug|Any CPU.Build.0 = Debug|Any CPU
		{B2AE87E0-C6D7-40DA-AEF9-2B7942989DF0}.Debug|x64.ActiveCfg = Debug|Any CPU
		{B2AE87E0-C6D7-40DA-AEF9-2B7942989DF0}.Debug|x64.Build.0 = Debug|Any CPU
		{B2AE87E0-C6D7-40DA-AEF9-2B7942989DF0}.Debug|x86.ActiveCfg = Debug|Any CPU
		{B2AE87E0-C6D7-40DA-AEF9-2B7942989DF0}.Debug|x86.Build.0 = Debug|Any CPU
		{B2AE87E0-C6D7-40DA-AEF9-2B7942989DF0}.Release|Any CPU.ActiveCfg = Release|Any CPU
		{B2AE87E0-C6D7-40DA-AEF9-2B7942989DF0}.Release|Any CPU.Build.0 = Release|Any CPU
		{B2AE87E0-C6D7-40DA-AEF9-2B7942989DF0}.Release|x64.ActiveCfg = Release|Any CPU
		{B2AE87E0-C6D7-40DA-AEF9-2B7942989DF0}.Release|x64.Build.0 = Release|Any CPU
		{B2AE87E0-C6D7-40DA-AEF9-2B7942989DF0}.Release|x86.ActiveCfg = Release|Any CPU
		{B2AE87E0-C6D7-40DA-AEF9-2B7942989DF0}.Release|x86.Build.0 = Release|Any CPU
		{AC6C25EC-D359-4F25-960D-30F218F188F7}.Debug|Any CPU.ActiveCfg = Debug|Any CPU
		{AC6C25EC-D359-4F25-960D-30F218F188F7}.Debug|Any CPU.Build.0 = Debug|Any CPU
		{AC6C25EC-D359-4F25-960D-30F218F188F7}.Debug|x64.ActiveCfg = Debug|Any CPU
		{AC6C25EC-D359-4F25-960D-30F218F188F7}.Debug|x64.Build.0 = Debug|Any CPU
		{AC6C25EC-D359-4F25-960D-30F218F188F7}.Debug|x86.ActiveCfg = Debug|Any CPU
		{AC6C25EC-D359-4F25-960D-30F218F188F7}.Debug|x86.Build.0 = Debug|Any CPU
		{AC6C25EC-D359-4F25-960D-30F218F188F7}.Release|Any CPU.ActiveCfg = Release|Any CPU
		{AC6C25EC-D359-4F25-960D-30F218F188F7}.Release|Any CPU.Build.0 = Release|Any CPU
		{AC6C25EC-D359-4F25-960D-30F218F188F7}.Release|x64.ActiveCfg = Release|Any CPU
		{AC6C25EC-D359-4F25-960D-30F218F188F7}.Release|x64.Build.0 = Release|Any CPU
		{AC6C25EC-D359-4F25-960D-30F218F188F7}.Release|x86.ActiveCfg = Release|Any CPU
		{AC6C25EC-D359-4F25-960D-30F218F188F7}.Release|x86.Build.0 = Release|Any CPU
		{64671701-E427-4E7E-8B34-E72964A3CFCB}.Debug|Any CPU.ActiveCfg = Debug|Any CPU
		{64671701-E427-4E7E-8B34-E72964A3CFCB}.Debug|Any CPU.Build.0 = Debug|Any CPU
		{64671701-E427-4E7E-8B34-E72964A3CFCB}.Debug|x64.ActiveCfg = Debug|Any CPU
		{64671701-E427-4E7E-8B34-E72964A3CFCB}.Debug|x64.Build.0 = Debug|Any CPU
		{64671701-E427-4E7E-8B34-E72964A3CFCB}.Debug|x86.ActiveCfg = Debug|Any CPU
		{64671701-E427-4E7E-8B34-E72964A3CFCB}.Debug|x86.Build.0 = Debug|Any CPU
		{64671701-E427-4E7E-8B34-E72964A3CFCB}.Release|Any CPU.ActiveCfg = Release|Any CPU
		{64671701-E427-4E7E-8B34-E72964A3CFCB}.Release|Any CPU.Build.0 = Release|Any CPU
		{64671701-E427-4E7E-8B34-E72964A3CFCB}.Release|x64.ActiveCfg = Release|Any CPU
		{64671701-E427-4E7E-8B34-E72964A3CFCB}.Release|x64.Build.0 = Release|Any CPU
		{64671701-E427-4E7E-8B34-E72964A3CFCB}.Release|x86.ActiveCfg = Release|Any CPU
		{64671701-E427-4E7E-8B34-E72964A3CFCB}.Release|x86.Build.0 = Release|Any CPU
		{FE6B3762-2B43-41AE-8AB3-9059A83520AA}.Debug|Any CPU.ActiveCfg = Debug|Any CPU
		{FE6B3762-2B43-41AE-8AB3-9059A83520AA}.Debug|Any CPU.Build.0 = Debug|Any CPU
		{FE6B3762-2B43-41AE-8AB3-9059A83520AA}.Debug|x64.ActiveCfg = Debug|Any CPU
		{FE6B3762-2B43-41AE-8AB3-9059A83520AA}.Debug|x64.Build.0 = Debug|Any CPU
		{FE6B3762-2B43-41AE-8AB3-9059A83520AA}.Debug|x86.ActiveCfg = Debug|Any CPU
		{FE6B3762-2B43-41AE-8AB3-9059A83520AA}.Debug|x86.Build.0 = Debug|Any CPU
		{FE6B3762-2B43-41AE-8AB3-9059A83520AA}.Release|Any CPU.ActiveCfg = Release|Any CPU
		{FE6B3762-2B43-41AE-8AB3-9059A83520AA}.Release|Any CPU.Build.0 = Release|Any CPU
		{FE6B3762-2B43-41AE-8AB3-9059A83520AA}.Release|x64.ActiveCfg = Release|Any CPU
		{FE6B3762-2B43-41AE-8AB3-9059A83520AA}.Release|x64.Build.0 = Release|Any CPU
		{FE6B3762-2B43-41AE-8AB3-9059A83520AA}.Release|x86.ActiveCfg = Release|Any CPU
		{FE6B3762-2B43-41AE-8AB3-9059A83520AA}.Release|x86.Build.0 = Release|Any CPU
		{46D069D7-9DCE-4796-9D75-C3C15AF04400}.Debug|Any CPU.ActiveCfg = Debug|Any CPU
		{46D069D7-9DCE-4796-9D75-C3C15AF04400}.Debug|Any CPU.Build.0 = Debug|Any CPU
		{46D069D7-9DCE-4796-9D75-C3C15AF04400}.Debug|x64.ActiveCfg = Debug|Any CPU
		{46D069D7-9DCE-4796-9D75-C3C15AF04400}.Debug|x64.Build.0 = Debug|Any CPU
		{46D069D7-9DCE-4796-9D75-C3C15AF04400}.Debug|x86.ActiveCfg = Debug|Any CPU
		{46D069D7-9DCE-4796-9D75-C3C15AF04400}.Debug|x86.Build.0 = Debug|Any CPU
		{46D069D7-9DCE-4796-9D75-C3C15AF04400}.Release|Any CPU.ActiveCfg = Release|Any CPU
		{46D069D7-9DCE-4796-9D75-C3C15AF04400}.Release|Any CPU.Build.0 = Release|Any CPU
		{46D069D7-9DCE-4796-9D75-C3C15AF04400}.Release|x64.ActiveCfg = Release|Any CPU
		{46D069D7-9DCE-4796-9D75-C3C15AF04400}.Release|x64.Build.0 = Release|Any CPU
		{46D069D7-9DCE-4796-9D75-C3C15AF04400}.Release|x86.ActiveCfg = Release|Any CPU
		{46D069D7-9DCE-4796-9D75-C3C15AF04400}.Release|x86.Build.0 = Release|Any CPU
	EndGlobalSection
	GlobalSection(SolutionProperties) = preSolution
		HideSolutionNode = FALSE
	EndGlobalSection
	GlobalSection(NestedProjects) = preSolution
		{DABC0E00-0FA2-4088-AD75-6490E702A343} = {8274ACCE-4E28-4DC4-BDC4-24091303C6BA}
		{AF915D65-188A-4A76-B484-D949C8CD9C48} = {DABC0E00-0FA2-4088-AD75-6490E702A343}
		{B2AE87E0-C6D7-40DA-AEF9-2B7942989DF0} = {DABC0E00-0FA2-4088-AD75-6490E702A343}
	EndGlobalSection
	GlobalSection(ExtensibilityGlobals) = postSolution
		SolutionGuid = {15EA7D84-77DF-4361-8B04-24539403EA4D}
	EndGlobalSection
	GlobalSection(SharedMSBuildProjectFiles) = preSolution
		..\..\..\Langram\Langram\NEO4J\TEST\QOQNOS.NEO4J.TEST.Shared\QOQNOS.NEO4J.TEST.Shared.projitems*{26a990dc-d630-4d2a-a8a4-6165bc159d32}*SharedItemsImports = 13
		..\..\..\Langram\Langram\NEO4J\TEST\QOQNOS.NEO4J.TEST.Shared\QOQNOS.NEO4J.TEST.Shared.projitems*{bef4a907-e493-4814-9170-ad3897b12b63}*SharedItemsImports = 5
	EndGlobalSection
EndGlobal
